
Microsoft Visual Studio Solution File, Format Version 12.00
# Visual Studio Version 16
VisualStudioVersion = 16.0.30621.155
MinimumVisualStudioVersion = 10.0.40219.1
Project("{FAE04EC0-301F-11D3-BF4B-00C04F79EFBC}") = "BillProject", "BillProject\BillProject.csproj", "{C7EAD28F-DF07-4136-912A-F18028637F27}"
EndProject
Project("{FAE04EC0-301F-11D3-BF4B-00C04F79EFBC}") = "BillTestProject", "BillTestProject\BillTestProject.csproj", "{99CB65EA-D150-46EA-A95D-5603C9C33919}"
EndProject
Global
	GlobalSection(SolutionConfigurationPlatforms) = preSolution
		Debug|Any CPU = Debug|Any CPU
		Release|Any CPU = Release|Any CPU
	EndGlobalSection
	GlobalSection(ProjectConfigurationPlatforms) = postSolution
		{C7EAD28F-DF07-4136-912A-F18028637F27}.Debug|Any CPU.ActiveCfg = Debug|Any CPU
		{C7EAD28F-DF07-4136-912A-F18028637F27}.Debug|Any CPU.Build.0 = Debug|Any CPU
		{C7EAD28F-DF07-4136-912A-F18028637F27}.Release|Any CPU.ActiveCfg = Release|Any CPU
		{C7EAD28F-DF07-4136-912A-F18028637F27}.Release|Any CPU.Build.0 = Release|Any CPU
		{99CB65EA-D150-46EA-A95D-5603C9C33919}.Debug|Any CPU.ActiveCfg = Debug|Any CPU
		{99CB65EA-D150-46EA-A95D-5603C9C33919}.Debug|Any CPU.Build.0 = Debug|Any CPU
		{99CB65EA-D150-46EA-A95D-5603C9C33919}.Release|Any CPU.ActiveCfg = Release|Any CPU
		{99CB65EA-D150-46EA-A95D-5603C9C33919}.Release|Any CPU.Build.0 = Release|Any CPU
	EndGlobalSection
	GlobalSection(SolutionProperties) = preSolution
		HideSolutionNode = FALSE
	EndGlobalSection
	GlobalSection(ExtensibilityGlobals) = postSolution
		SolutionGuid = {DA0770F0-933C-49D9-B32B-985CBBEC4DB0}
	EndGlobalSection
EndGlobal
